
Microsoft Visual Studio Solution File, Format Version 12.00
# Visual Studio Version 17
VisualStudioVersion = 17.9.34714.143
MinimumVisualStudioVersion = 10.0.40219.1
Project("{9A19103F-16F7-4668-BE54-9A1E7A4F7556}") = "TodoApp", "TodoApp\TodoApp.csproj", "{279D6B5E-0D30-4A8D-8118-63492D8709B2}"
EndProject
Project("{54435603-DBB4-11D2-8724-00A0C9A8B90C}") = "TaskTracker", "TaskTracker\TaskTracker.vdproj", "{BAFE54A2-EC58-401F-931F-84F2B3C46B09}"
EndProject
Global
	GlobalSection(SolutionConfigurationPlatforms) = preSolution
		Debug|Any CPU = Debug|Any CPU
		Release|Any CPU = Release|Any CPU
	EndGlobalSection
	GlobalSection(ProjectConfigurationPlatforms) = postSolution
		{279D6B5E-0D30-4A8D-8118-63492D8709B2}.Debug|Any CPU.ActiveCfg = Debug|Any CPU
		{279D6B5E-0D30-4A8D-8118-63492D8709B2}.Debug|Any CPU.Build.0 = Debug|Any CPU
		{279D6B5E-0D30-4A8D-8118-63492D8709B2}.Release|Any CPU.ActiveCfg = Release|Any CPU
		{279D6B5E-0D30-4A8D-8118-63492D8709B2}.Release|Any CPU.Build.0 = Release|Any CPU
		{BAFE54A2-EC58-401F-931F-84F2B3C46B09}.Debug|Any CPU.ActiveCfg = Debug
		{BAFE54A2-EC58-401F-931F-84F2B3C46B09}.Release|Any CPU.ActiveCfg = Release
	EndGlobalSection
	GlobalSection(SolutionProperties) = preSolution
		HideSolutionNode = FALSE
	EndGlobalSection
	GlobalSection(ExtensibilityGlobals) = postSolution
		SolutionGuid = {8ADDC4E3-6261-4E45-9F35-D131CE6C07D0}
	EndGlobalSection
EndGlobal
